// !$*UTF8*$!
{
	archiveVersion = 1;
	classes = {
	};
	objectVersion = 55;
	objects = {

/* Begin PBXBuildFile section */
		90763A5427FE541600AB956E /* PointsView.swift in Sources */ = {isa = PBXBuildFile; fileRef = 90763A5327FE541600AB956E /* PointsView.swift */; };
		90763A5627FE62C400AB956E /* Constants.swift in Sources */ = {isa = PBXBuildFile; fileRef = 90763A5527FE62C400AB956E /* Constants.swift */; };
		90763A582804FEBE00AB956E /* LeaderboardView.swift in Sources */ = {isa = PBXBuildFile; fileRef = 90763A572804FEBE00AB956E /* LeaderboardView.swift */; };
		90BE738227F1624900AF987C /* BullsEyeApp.swift in Sources */ = {isa = PBXBuildFile; fileRef = 90BE737227F1624800AF987C /* BullsEyeApp.swift */; };
		90BE738327F1624900AF987C /* BullsEyeApp.swift in Sources */ = {isa = PBXBuildFile; fileRef = 90BE737227F1624800AF987C /* BullsEyeApp.swift */; };
		90BE738427F1624900AF987C /* ContentView.swift in Sources */ = {isa = PBXBuildFile; fileRef = 90BE737327F1624800AF987C /* ContentView.swift */; };
		90BE738527F1624900AF987C /* ContentView.swift in Sources */ = {isa = PBXBuildFile; fileRef = 90BE737327F1624800AF987C /* ContentView.swift */; };
		90BE738627F1624900AF987C /* Assets.xcassets in Resources */ = {isa = PBXBuildFile; fileRef = 90BE737427F1624900AF987C /* Assets.xcassets */; };
		90BE738727F1624900AF987C /* Assets.xcassets in Resources */ = {isa = PBXBuildFile; fileRef = 90BE737427F1624900AF987C /* Assets.xcassets */; };
		90BE739427F2939100AF987C /* Game.swift in Sources */ = {isa = PBXBuildFile; fileRef = 90BE739327F2939100AF987C /* Game.swift */; };
		90BE73C327F3DC4F00AF987C /* BullsEyeTests.swift in Sources */ = {isa = PBXBuildFile; fileRef = 90BE73C227F3DC4F00AF987C /* BullsEyeTests.swift */; };
		90BE73D427F6724F00AF987C /* TextViews.swift in Sources */ = {isa = PBXBuildFile; fileRef = 90BE73D327F6724F00AF987C /* TextViews.swift */; };
		90BE73D627F6822600AF987C /* RoundedViews.swift in Sources */ = {isa = PBXBuildFile; fileRef = 90BE73D527F6822600AF987C /* RoundedViews.swift */; };
		90BE73D827FAB24B00AF987C /* BackgroundView.swift in Sources */ = {isa = PBXBuildFile; fileRef = 90BE73D727FAB24B00AF987C /* BackgroundView.swift */; };
/* End PBXBuildFile section */

/* Begin PBXContainerItemProxy section */
		90BE73C427F3DC4F00AF987C /* PBXContainerItemProxy */ = {
			isa = PBXContainerItemProxy;
			containerPortal = 90BE736D27F1624800AF987C /* Project object */;
			proxyType = 1;
			remoteGlobalIDString = 90BE737827F1624900AF987C;
			remoteInfo = "BullsEye (iOS)";
		};
/* End PBXContainerItemProxy section */

/* Begin PBXFileReference section */
		90763A5327FE541600AB956E /* PointsView.swift */ = {isa = PBXFileReference; lastKnownFileType = sourcecode.swift; path = PointsView.swift; sourceTree = "<group>"; };
		90763A5527FE62C400AB956E /* Constants.swift */ = {isa = PBXFileReference; lastKnownFileType = sourcecode.swift; path = Constants.swift; sourceTree = "<group>"; };
		90763A572804FEBE00AB956E /* LeaderboardView.swift */ = {isa = PBXFileReference; lastKnownFileType = sourcecode.swift; path = LeaderboardView.swift; sourceTree = "<group>"; };
		90BE737227F1624800AF987C /* BullsEyeApp.swift */ = {isa = PBXFileReference; lastKnownFileType = sourcecode.swift; path = BullsEyeApp.swift; sourceTree = "<group>"; };
		90BE737327F1624800AF987C /* ContentView.swift */ = {isa = PBXFileReference; lastKnownFileType = sourcecode.swift; path = ContentView.swift; sourceTree = "<group>"; };
		90BE737427F1624900AF987C /* Assets.xcassets */ = {isa = PBXFileReference; lastKnownFileType = folder.assetcatalog; path = Assets.xcassets; sourceTree = "<group>"; };
		90BE737927F1624900AF987C /* BullsEye.app */ = {isa = PBXFileReference; explicitFileType = wrapper.application; includeInIndex = 0; path = BullsEye.app; sourceTree = BUILT_PRODUCTS_DIR; };
		90BE737F27F1624900AF987C /* BullsEye.app */ = {isa = PBXFileReference; explicitFileType = wrapper.application; includeInIndex = 0; path = BullsEye.app; sourceTree = BUILT_PRODUCTS_DIR; };
		90BE738127F1624900AF987C /* macOS.entitlements */ = {isa = PBXFileReference; lastKnownFileType = text.plist.entitlements; path = macOS.entitlements; sourceTree = "<group>"; };
		90BE739327F2939100AF987C /* Game.swift */ = {isa = PBXFileReference; lastKnownFileType = sourcecode.swift; path = Game.swift; sourceTree = "<group>"; };
		90BE73C027F3DC4F00AF987C /* BullsEyeTests.xctest */ = {isa = PBXFileReference; explicitFileType = wrapper.cfbundle; includeInIndex = 0; path = BullsEyeTests.xctest; sourceTree = BUILT_PRODUCTS_DIR; };
		90BE73C227F3DC4F00AF987C /* BullsEyeTests.swift */ = {isa = PBXFileReference; lastKnownFileType = sourcecode.swift; path = BullsEyeTests.swift; sourceTree = "<group>"; };
		90BE73D327F6724F00AF987C /* TextViews.swift */ = {isa = PBXFileReference; lastKnownFileType = sourcecode.swift; path = TextViews.swift; sourceTree = "<group>"; };
		90BE73D527F6822600AF987C /* RoundedViews.swift */ = {isa = PBXFileReference; lastKnownFileType = sourcecode.swift; path = RoundedViews.swift; sourceTree = "<group>"; };
		90BE73D727FAB24B00AF987C /* BackgroundView.swift */ = {isa = PBXFileReference; lastKnownFileType = sourcecode.swift; path = BackgroundView.swift; sourceTree = "<group>"; };
/* End PBXFileReference section */

/* Begin PBXFrameworksBuildPhase section */
		90BE737627F1624900AF987C /* Frameworks */ = {
			isa = PBXFrameworksBuildPhase;
			buildActionMask = 2147483647;
			files = (
			);
			runOnlyForDeploymentPostprocessing = 0;
		};
		90BE737C27F1624900AF987C /* Frameworks */ = {
			isa = PBXFrameworksBuildPhase;
			buildActionMask = 2147483647;
			files = (
			);
			runOnlyForDeploymentPostprocessing = 0;
		};
		90BE73BD27F3DC4F00AF987C /* Frameworks */ = {
			isa = PBXFrameworksBuildPhase;
			buildActionMask = 2147483647;
			files = (
			);
			runOnlyForDeploymentPostprocessing = 0;
		};
/* End PBXFrameworksBuildPhase section */

/* Begin PBXGroup section */
		90BE736C27F1624800AF987C = {
			isa = PBXGroup;
			children = (
				90BE737127F1624800AF987C /* Shared */,
				90BE738027F1624900AF987C /* macOS */,
				90BE73C127F3DC4F00AF987C /* BullsEyeTests */,
				90BE737A27F1624900AF987C /* Products */,
			);
			sourceTree = "<group>";
		};
		90BE737127F1624800AF987C /* Shared */ = {
			isa = PBXGroup;
			children = (
				90BE739227F292BC00AF987C /* App */,
				90BE739127F292B000AF987C /* Views */,
				90BE739027F292AB00AF987C /* Models */,
			);
			path = Shared;
			sourceTree = "<group>";
		};
		90BE737A27F1624900AF987C /* Products */ = {
			isa = PBXGroup;
			children = (
				90BE737927F1624900AF987C /* BullsEye.app */,
				90BE737F27F1624900AF987C /* BullsEye.app */,
				90BE73C027F3DC4F00AF987C /* BullsEyeTests.xctest */,
			);
			name = Products;
			sourceTree = "<group>";
		};
		90BE738027F1624900AF987C /* macOS */ = {
			isa = PBXGroup;
			children = (
				90BE738127F1624900AF987C /* macOS.entitlements */,
			);
			path = macOS;
			sourceTree = "<group>";
		};
		90BE739027F292AB00AF987C /* Models */ = {
			isa = PBXGroup;
			children = (
				90BE739327F2939100AF987C /* Game.swift */,
				90763A5527FE62C400AB956E /* Constants.swift */,
			);
			path = Models;
			sourceTree = "<group>";
		};
		90BE739127F292B000AF987C /* Views */ = {
			isa = PBXGroup;
			children = (
				90BE737327F1624800AF987C /* ContentView.swift */,
				90BE73D327F6724F00AF987C /* TextViews.swift */,
				90BE73D527F6822600AF987C /* RoundedViews.swift */,
				90BE73D727FAB24B00AF987C /* BackgroundView.swift */,
				90763A5327FE541600AB956E /* PointsView.swift */,
				90763A572804FEBE00AB956E /* LeaderboardView.swift */,
			);
			path = Views;
			sourceTree = "<group>";
		};
		90BE739227F292BC00AF987C /* App */ = {
			isa = PBXGroup;
			children = (
				90BE737227F1624800AF987C /* BullsEyeApp.swift */,
				90BE737427F1624900AF987C /* Assets.xcassets */,
			);
			path = App;
			sourceTree = "<group>";
		};
		90BE73C127F3DC4F00AF987C /* BullsEyeTests */ = {
			isa = PBXGroup;
			children = (
				90BE73C227F3DC4F00AF987C /* BullsEyeTests.swift */,
			);
			path = BullsEyeTests;
			sourceTree = "<group>";
		};
/* End PBXGroup section */

/* Begin PBXNativeTarget section */
		90BE737827F1624900AF987C /* BullsEye (iOS) */ = {
			isa = PBXNativeTarget;
			buildConfigurationList = 90BE738A27F1624900AF987C /* Build configuration list for PBXNativeTarget "BullsEye (iOS)" */;
			buildPhases = (
				90BE737527F1624900AF987C /* Sources */,
				90BE737627F1624900AF987C /* Frameworks */,
				90BE737727F1624900AF987C /* Resources */,
			);
			buildRules = (
			);
			dependencies = (
			);
			name = "BullsEye (iOS)";
			productName = "BullsEye (iOS)";
			productReference = 90BE737927F1624900AF987C /* BullsEye.app */;
			productType = "com.apple.product-type.application";
		};
		90BE737E27F1624900AF987C /* BullsEye (macOS) */ = {
			isa = PBXNativeTarget;
			buildConfigurationList = 90BE738D27F1624900AF987C /* Build configuration list for PBXNativeTarget "BullsEye (macOS)" */;
			buildPhases = (
				90BE737B27F1624900AF987C /* Sources */,
				90BE737C27F1624900AF987C /* Frameworks */,
				90BE737D27F1624900AF987C /* Resources */,
			);
			buildRules = (
			);
			dependencies = (
			);
			name = "BullsEye (macOS)";
			productName = "BullsEye (macOS)";
			productReference = 90BE737F27F1624900AF987C /* BullsEye.app */;
			productType = "com.apple.product-type.application";
		};
		90BE73BF27F3DC4F00AF987C /* BullsEyeTests */ = {
			isa = PBXNativeTarget;
			buildConfigurationList = 90BE73C827F3DC4F00AF987C /* Build configuration list for PBXNativeTarget "BullsEyeTests" */;
			buildPhases = (
				90BE73BC27F3DC4F00AF987C /* Sources */,
				90BE73BD27F3DC4F00AF987C /* Frameworks */,
				90BE73BE27F3DC4F00AF987C /* Resources */,
			);
			buildRules = (
			);
			dependencies = (
				90BE73C527F3DC4F00AF987C /* PBXTargetDependency */,
			);
			name = BullsEyeTests;
			productName = BullsEyeTests;
			productReference = 90BE73C027F3DC4F00AF987C /* BullsEyeTests.xctest */;
			productType = "com.apple.product-type.bundle.unit-test";
		};
/* End PBXNativeTarget section */

/* Begin PBXProject section */
		90BE736D27F1624800AF987C /* Project object */ = {
			isa = PBXProject;
			attributes = {
				BuildIndependentTargetsInParallel = 1;
				LastSwiftUpdateCheck = 1330;
				LastUpgradeCheck = 1330;
				TargetAttributes = {
					90BE737827F1624900AF987C = {
						CreatedOnToolsVersion = 13.3;
					};
					90BE737E27F1624900AF987C = {
						CreatedOnToolsVersion = 13.3;
					};
					90BE73BF27F3DC4F00AF987C = {
						CreatedOnToolsVersion = 13.3;
						TestTargetID = 90BE737827F1624900AF987C;
					};
				};
			};
			buildConfigurationList = 90BE737027F1624800AF987C /* Build configuration list for PBXProject "BullsEye" */;
			compatibilityVersion = "Xcode 13.0";
			developmentRegion = en;
			hasScannedForEncodings = 0;
			knownRegions = (
				en,
				Base,
			);
			mainGroup = 90BE736C27F1624800AF987C;
			productRefGroup = 90BE737A27F1624900AF987C /* Products */;
			projectDirPath = "";
			projectRoot = "";
			targets = (
				90BE737827F1624900AF987C /* BullsEye (iOS) */,
				90BE737E27F1624900AF987C /* BullsEye (macOS) */,
				90BE73BF27F3DC4F00AF987C /* BullsEyeTests */,
			);
		};
/* End PBXProject section */

/* Begin PBXResourcesBuildPhase section */
		90BE737727F1624900AF987C /* Resources */ = {
			isa = PBXResourcesBuildPhase;
			buildActionMask = 2147483647;
			files = (
				90BE738627F1624900AF987C /* Assets.xcassets in Resources */,
			);
			runOnlyForDeploymentPostprocessing = 0;
		};
		90BE737D27F1624900AF987C /* Resources */ = {
			isa = PBXResourcesBuildPhase;
			buildActionMask = 2147483647;
			files = (
				90BE738727F1624900AF987C /* Assets.xcassets in Resources */,
			);
			runOnlyForDeploymentPostprocessing = 0;
		};
		90BE73BE27F3DC4F00AF987C /* Resources */ = {
			isa = PBXResourcesBuildPhase;
			buildActionMask = 2147483647;
			files = (
			);
			runOnlyForDeploymentPostprocessing = 0;
		};
/* End PBXResourcesBuildPhase section */

/* Begin PBXSourcesBuildPhase section */
		90BE737527F1624900AF987C /* Sources */ = {
			isa = PBXSourcesBuildPhase;
			buildActionMask = 2147483647;
			files = (
				90BE73D827FAB24B00AF987C /* BackgroundView.swift in Sources */,
				90BE738427F1624900AF987C /* ContentView.swift in Sources */,
				90BE73D427F6724F00AF987C /* TextViews.swift in Sources */,
				90763A5627FE62C400AB956E /* Constants.swift in Sources */,
				90763A582804FEBE00AB956E /* LeaderboardView.swift in Sources */,
				90BE73D627F6822600AF987C /* RoundedViews.swift in Sources */,
				90763A5427FE541600AB956E /* PointsView.swift in Sources */,
				90BE739427F2939100AF987C /* Game.swift in Sources */,
				90BE738227F1624900AF987C /* BullsEyeApp.swift in Sources */,
			);
			runOnlyForDeploymentPostprocessing = 0;
		};
		90BE737B27F1624900AF987C /* Sources */ = {
			isa = PBXSourcesBuildPhase;
			buildActionMask = 2147483647;
			files = (
				90BE738527F1624900AF987C /* ContentView.swift in Sources */,
				90BE738327F1624900AF987C /* BullsEyeApp.swift in Sources */,
			);
			runOnlyForDeploymentPostprocessing = 0;
		};
		90BE73BC27F3DC4F00AF987C /* Sources */ = {
			isa = PBXSourcesBuildPhase;
			buildActionMask = 2147483647;
			files = (
				90BE73C327F3DC4F00AF987C /* BullsEyeTests.swift in Sources */,
			);
			runOnlyForDeploymentPostprocessing = 0;
		};
/* End PBXSourcesBuildPhase section */

/* Begin PBXTargetDependency section */
		90BE73C527F3DC4F00AF987C /* PBXTargetDependency */ = {
			isa = PBXTargetDependency;
			target = 90BE737827F1624900AF987C /* BullsEye (iOS) */;
			targetProxy = 90BE73C427F3DC4F00AF987C /* PBXContainerItemProxy */;
		};
/* End PBXTargetDependency section */

/* Begin XCBuildConfiguration section */
		90BE738827F1624900AF987C /* Debug */ = {
			isa = XCBuildConfiguration;
			buildSettings = {
				ALWAYS_SEARCH_USER_PATHS = NO;
				CLANG_ANALYZER_NONNULL = YES;
				CLANG_ANALYZER_NUMBER_OBJECT_CONVERSION = YES_AGGRESSIVE;
				CLANG_CXX_LANGUAGE_STANDARD = "gnu++17";
				CLANG_ENABLE_MODULES = YES;
				CLANG_ENABLE_OBJC_ARC = YES;
				CLANG_ENABLE_OBJC_WEAK = YES;
				CLANG_WARN_BLOCK_CAPTURE_AUTORELEASING = YES;
				CLANG_WARN_BOOL_CONVERSION = YES;
				CLANG_WARN_COMMA = YES;
				CLANG_WARN_CONSTANT_CONVERSION = YES;
				CLANG_WARN_DEPRECATED_OBJC_IMPLEMENTATIONS = YES;
				CLANG_WARN_DIRECT_OBJC_ISA_USAGE = YES_ERROR;
				CLANG_WARN_DOCUMENTATION_COMMENTS = YES;
				CLANG_WARN_EMPTY_BODY = YES;
				CLANG_WARN_ENUM_CONVERSION = YES;
				CLANG_WARN_INFINITE_RECURSION = YES;
				CLANG_WARN_INT_CONVERSION = YES;
				CLANG_WARN_NON_LITERAL_NULL_CONVERSION = YES;
				CLANG_WARN_OBJC_IMPLICIT_RETAIN_SELF = YES;
				CLANG_WARN_OBJC_LITERAL_CONVERSION = YES;
				CLANG_WARN_OBJC_ROOT_CLASS = YES_ERROR;
				CLANG_WARN_QUOTED_INCLUDE_IN_FRAMEWORK_HEADER = YES;
				CLANG_WARN_RANGE_LOOP_ANALYSIS = YES;
				CLANG_WARN_STRICT_PROTOTYPES = YES;
				CLANG_WARN_SUSPICIOUS_MOVE = YES;
				CLANG_WARN_UNGUARDED_AVAILABILITY = YES_AGGRESSIVE;
				CLANG_WARN_UNREACHABLE_CODE = YES;
				CLANG_WARN__DUPLICATE_METHOD_MATCH = YES;
				COPY_PHASE_STRIP = NO;
				DEBUG_INFORMATION_FORMAT = dwarf;
				ENABLE_STRICT_OBJC_MSGSEND = YES;
				ENABLE_TESTABILITY = YES;
				GCC_C_LANGUAGE_STANDARD = gnu11;
				GCC_DYNAMIC_NO_PIC = NO;
				GCC_NO_COMMON_BLOCKS = YES;
				GCC_OPTIMIZATION_LEVEL = 0;
				GCC_PREPROCESSOR_DEFINITIONS = (
					"DEBUG=1",
					"$(inherited)",
				);
				GCC_WARN_64_TO_32_BIT_CONVERSION = YES;
				GCC_WARN_ABOUT_RETURN_TYPE = YES_ERROR;
				GCC_WARN_UNDECLARED_SELECTOR = YES;
				GCC_WARN_UNINITIALIZED_AUTOS = YES_AGGRESSIVE;
				GCC_WARN_UNUSED_FUNCTION = YES;
				GCC_WARN_UNUSED_VARIABLE = YES;
				IPHONEOS_DEPLOYMENT_TARGET = 15.4;
				MACOSX_DEPLOYMENT_TARGET = 12.3;
				MTL_ENABLE_DEBUG_INFO = INCLUDE_SOURCE;
				MTL_FAST_MATH = YES;
				ONLY_ACTIVE_ARCH = YES;
				SWIFT_ACTIVE_COMPILATION_CONDITIONS = DEBUG;
				SWIFT_OPTIMIZATION_LEVEL = "-Onone";
			};
			name = Debug;
		};
		90BE738927F1624900AF987C /* Release */ = {
			isa = XCBuildConfiguration;
			buildSettings = {
				ALWAYS_SEARCH_USER_PATHS = NO;
				CLANG_ANALYZER_NONNULL = YES;
				CLANG_ANALYZER_NUMBER_OBJECT_CONVERSION = YES_AGGRESSIVE;
				CLANG_CXX_LANGUAGE_STANDARD = "gnu++17";
				CLANG_ENABLE_MODULES = YES;
				CLANG_ENABLE_OBJC_ARC = YES;
				CLANG_ENABLE_OBJC_WEAK = YES;
				CLANG_WARN_BLOCK_CAPTURE_AUTORELEASING = YES;
				CLANG_WARN_BOOL_CONVERSION = YES;
				CLANG_WARN_COMMA = YES;
				CLANG_WARN_CONSTANT_CONVERSION = YES;
				CLANG_WARN_DEPRECATED_OBJC_IMPLEMENTATIONS = YES;
				CLANG_WARN_DIRECT_OBJC_ISA_USAGE = YES_ERROR;
				CLANG_WARN_DOCUMENTATION_COMMENTS = YES;
				CLANG_WARN_EMPTY_BODY = YES;
				CLANG_WARN_ENUM_CONVERSION = YES;
				CLANG_WARN_INFINITE_RECURSION = YES;
				CLANG_WARN_INT_CONVERSION = YES;
				CLANG_WARN_NON_LITERAL_NULL_CONVERSION = YES;
				CLANG_WARN_OBJC_IMPLICIT_RETAIN_SELF = YES;
				CLANG_WARN_OBJC_LITERAL_CONVERSION = YES;
				CLANG_WARN_OBJC_ROOT_CLASS = YES_ERROR;
				CLANG_WARN_QUOTED_INCLUDE_IN_FRAMEWORK_HEADER = YES;
				CLANG_WARN_RANGE_LOOP_ANALYSIS = YES;
				CLANG_WARN_STRICT_PROTOTYPES = YES;
				CLANG_WARN_SUSPICIOUS_MOVE = YES;
				CLANG_WARN_UNGUARDED_AVAILABILITY = YES_AGGRESSIVE;
				CLANG_WARN_UNREACHABLE_CODE = YES;
				CLANG_WARN__DUPLICATE_METHOD_MATCH = YES;
				COPY_PHASE_STRIP = NO;
				DEBUG_INFORMATION_FORMAT = "dwarf-with-dsym";
				ENABLE_NS_ASSERTIONS = NO;
				ENABLE_STRICT_OBJC_MSGSEND = YES;
				GCC_C_LANGUAGE_STANDARD = gnu11;
				GCC_NO_COMMON_BLOCKS = YES;
				GCC_WARN_64_TO_32_BIT_CONVERSION = YES;
				GCC_WARN_ABOUT_RETURN_TYPE = YES_ERROR;
				GCC_WARN_UNDECLARED_SELECTOR = YES;
				GCC_WARN_UNINITIALIZED_AUTOS = YES_AGGRESSIVE;
				GCC_WARN_UNUSED_FUNCTION = YES;
				GCC_WARN_UNUSED_VARIABLE = YES;
				IPHONEOS_DEPLOYMENT_TARGET = 15.4;
				MACOSX_DEPLOYMENT_TARGET = 12.3;
				MTL_ENABLE_DEBUG_INFO = NO;
				MTL_FAST_MATH = YES;
				SWIFT_COMPILATION_MODE = wholemodule;
				SWIFT_OPTIMIZATION_LEVEL = "-O";
			};
			name = Release;
		};
		90BE738B27F1624900AF987C /* Debug */ = {
			isa = XCBuildConfiguration;
			buildSettings = {
				ASSETCATALOG_COMPILER_APPICON_NAME = AppIcon;
				ASSETCATALOG_COMPILER_GLOBAL_ACCENT_COLOR_NAME = AccentColor;
				CODE_SIGN_STYLE = Automatic;
				CURRENT_PROJECT_VERSION = 1;
				DEVELOPMENT_TEAM = 862P2X6G9G;
				ENABLE_PREVIEWS = YES;
				GENERATE_INFOPLIST_FILE = YES;
				INFOPLIST_KEY_UIApplicationSceneManifest_Generation = YES;
				INFOPLIST_KEY_UIApplicationSupportsIndirectInputEvents = YES;
				INFOPLIST_KEY_UILaunchScreen_Generation = YES;
				INFOPLIST_KEY_UISupportedInterfaceOrientations_iPad = "UIInterfaceOrientationPortrait UIInterfaceOrientationPortraitUpsideDown UIInterfaceOrientationLandscapeLeft UIInterfaceOrientationLandscapeRight";
				INFOPLIST_KEY_UISupportedInterfaceOrientations_iPhone = "UIInterfaceOrientationPortrait UIInterfaceOrientationLandscapeLeft UIInterfaceOrientationLandscapeRight";
				IPHONEOS_DEPLOYMENT_TARGET = 15.4;
				LD_RUNPATH_SEARCH_PATHS = (
					"$(inherited)",
					"@executable_path/Frameworks",
				);
				MARKETING_VERSION = 1.0;
				PRODUCT_BUNDLE_IDENTIFIER = me.jinwook.kim.BullsEye;
				PRODUCT_NAME = BullsEye;
				SDKROOT = iphoneos;
				SWIFT_EMIT_LOC_STRINGS = YES;
				SWIFT_VERSION = 5.0;
				TARGETED_DEVICE_FAMILY = "1,2";
			};
			name = Debug;
		};
		90BE738C27F1624900AF987C /* Release */ = {
			isa = XCBuildConfiguration;
			buildSettings = {
				ASSETCATALOG_COMPILER_APPICON_NAME = AppIcon;
				ASSETCATALOG_COMPILER_GLOBAL_ACCENT_COLOR_NAME = AccentColor;
				CODE_SIGN_STYLE = Automatic;
				CURRENT_PROJECT_VERSION = 1;
				DEVELOPMENT_TEAM = 862P2X6G9G;
				ENABLE_PREVIEWS = YES;
				GENERATE_INFOPLIST_FILE = YES;
				INFOPLIST_KEY_UIApplicationSceneManifest_Generation = YES;
				INFOPLIST_KEY_UIApplicationSupportsIndirectInputEvents = YES;
				INFOPLIST_KEY_UILaunchScreen_Generation = YES;
				INFOPLIST_KEY_UISupportedInterfaceOrientations_iPad = "UIInterfaceOrientationPortrait UIInterfaceOrientationPortraitUpsideDown UIInterfaceOrientationLandscapeLeft UIInterfaceOrientationLandscapeRight";
				INFOPLIST_KEY_UISupportedInterfaceOrientations_iPhone = "UIInterfaceOrientationPortrait UIInterfaceOrientationLandscapeLeft UIInterfaceOrientationLandscapeRight";
				IPHONEOS_DEPLOYMENT_TARGET = 15.4;
				LD_RUNPATH_SEARCH_PATHS = (
					"$(inherited)",
					"@executable_path/Frameworks",
				);
				MARKETING_VERSION = 1.0;
				PRODUCT_BUNDLE_IDENTIFIER = me.jinwook.kim.BullsEye;
				PRODUCT_NAME = BullsEye;
				SDKROOT = iphoneos;
				SWIFT_EMIT_LOC_STRINGS = YES;
				SWIFT_VERSION = 5.0;
				TARGETED_DEVICE_FAMILY = "1,2";
				VALIDATE_PRODUCT = YES;
			};
			name = Release;
		};
		90BE738E27F1624900AF987C /* Debug */ = {
			isa = XCBuildConfiguration;
			buildSettings = {
				ASSETCATALOG_COMPILER_APPICON_NAME = AppIcon;
				ASSETCATALOG_COMPILER_GLOBAL_ACCENT_COLOR_NAME = AccentColor;
				CODE_SIGN_ENTITLEMENTS = macOS/macOS.entitlements;
				CODE_SIGN_STYLE = Automatic;
				COMBINE_HIDPI_IMAGES = YES;
				CURRENT_PROJECT_VERSION = 1;
				DEVELOPMENT_TEAM = 862P2X6G9G;
				ENABLE_HARDENED_RUNTIME = YES;
				ENABLE_PREVIEWS = YES;
				GENERATE_INFOPLIST_FILE = YES;
				INFOPLIST_KEY_NSHumanReadableCopyright = "";
				LD_RUNPATH_SEARCH_PATHS = (
					"$(inherited)",
					"@executable_path/../Frameworks",
				);
				MACOSX_DEPLOYMENT_TARGET = 12.3;
				MARKETING_VERSION = 1.0;
				PRODUCT_BUNDLE_IDENTIFIER = me.jinwook.kim.BullsEye;
				PRODUCT_NAME = BullsEye;
				SDKROOT = macosx;
				SWIFT_EMIT_LOC_STRINGS = YES;
				SWIFT_VERSION = 5.0;
			};
			name = Debug;
		};
		90BE738F27F1624900AF987C /* Release */ = {
			isa = XCBuildConfiguration;
			buildSettings = {
				ASSETCATALOG_COMPILER_APPICON_NAME = AppIcon;
				ASSETCATALOG_COMPILER_GLOBAL_ACCENT_COLOR_NAME = AccentColor;
				CODE_SIGN_ENTITLEMENTS = macOS/macOS.entitlements;
				CODE_SIGN_STYLE = Automatic;
				COMBINE_HIDPI_IMAGES = YES;
				CURRENT_PROJECT_VERSION = 1;
				DEVELOPMENT_TEAM = 862P2X6G9G;
				ENABLE_HARDENED_RUNTIME = YES;
				ENABLE_PREVIEWS = YES;
				GENERATE_INFOPLIST_FILE = YES;
				INFOPLIST_KEY_NSHumanReadableCopyright = "";
				LD_RUNPATH_SEARCH_PATHS = (
					"$(inherited)",
					"@executable_path/../Frameworks",
				);
				MACOSX_DEPLOYMENT_TARGET = 12.3;
				MARKETING_VERSION = 1.0;
				PRODUCT_BUNDLE_IDENTIFIER = me.jinwook.kim.BullsEye;
				PRODUCT_NAME = BullsEye;
				SDKROOT = macosx;
				SWIFT_EMIT_LOC_STRINGS = YES;
				SWIFT_VERSION = 5.0;
			};
			name = Release;
		};
		90BE73C627F3DC4F00AF987C /* Debug */ = {
			isa = XCBuildConfiguration;
			buildSettings = {
				BUNDLE_LOADER = "$(TEST_HOST)";
				CODE_SIGN_STYLE = Automatic;
				CURRENT_PROJECT_VERSION = 1;
				DEVELOPMENT_TEAM = 862P2X6G9G;
				GENERATE_INFOPLIST_FILE = YES;
				MARKETING_VERSION = 1.0;
				PRODUCT_BUNDLE_IDENTIFIER = me.jinwook.kim.BullsEyeTests;
				PRODUCT_NAME = "$(TARGET_NAME)";
				SDKROOT = iphoneos;
				SWIFT_EMIT_LOC_STRINGS = NO;
				SWIFT_VERSION = 5.0;
				TARGETED_DEVICE_FAMILY = "1,2";
				TEST_HOST = "$(BUILT_PRODUCTS_DIR)/BullsEye.app/BullsEye";
			};
			name = Debug;
		};
		90BE73C727F3DC4F00AF987C /* Release */ = {
			isa = XCBuildConfiguration;
			buildSettings = {
				BUNDLE_LOADER = "$(TEST_HOST)";
				CODE_SIGN_STYLE = Automatic;
				CURRENT_PROJECT_VERSION = 1;
				DEVELOPMENT_TEAM = 862P2X6G9G;
				GENERATE_INFOPLIST_FILE = YES;
				MARKETING_VERSION = 1.0;
				PRODUCT_BUNDLE_IDENTIFIER = me.jinwook.kim.BullsEyeTests;
				PRODUCT_NAME = "$(TARGET_NAME)";
				SDKROOT = iphoneos;
				SWIFT_EMIT_LOC_STRINGS = NO;
				SWIFT_VERSION = 5.0;
				TARGETED_DEVICE_FAMILY = "1,2";
				TEST_HOST = "$(BUILT_PRODUCTS_DIR)/BullsEye.app/BullsEye";
				VALIDATE_PRODUCT = YES;
			};
			name = Release;
		};
/* End XCBuildConfiguration section */

/* Begin XCConfigurationList section */
		90BE737027F1624800AF987C /* Build configuration list for PBXProject "BullsEye" */ = {
			isa = XCConfigurationList;
			buildConfigurations = (
				90BE738827F1624900AF987C /* Debug */,
				90BE738927F1624900AF987C /* Release */,
			);
			defaultConfigurationIsVisible = 0;
			defaultConfigurationName = Release;
		};
		90BE738A27F1624900AF987C /* Build configuration list for PBXNativeTarget "BullsEye (iOS)" */ = {
			isa = XCConfigurationList;
			buildConfigurations = (
				90BE738B27F1624900AF987C /* Debug */,
				90BE738C27F1624900AF987C /* Release */,
			);
			defaultConfigurationIsVisible = 0;
			defaultConfigurationName = Release;
		};
		90BE738D27F1624900AF987C /* Build configuration list for PBXNativeTarget "BullsEye (macOS)" */ = {
			isa = XCConfigurationList;
			buildConfigurations = (
				90BE738E27F1624900AF987C /* Debug */,
				90BE738F27F1624900AF987C /* Release */,
			);
			defaultConfigurationIsVisible = 0;
			defaultConfigurationName = Release;
		};
		90BE73C827F3DC4F00AF987C /* Build configuration list for PBXNativeTarget "BullsEyeTests" */ = {
			isa = XCConfigurationList;
			buildConfigurations = (
				90BE73C627F3DC4F00AF987C /* Debug */,
				90BE73C727F3DC4F00AF987C /* Release */,
			);
			defaultConfigurationIsVisible = 0;
			defaultConfigurationName = Release;
		};
/* End XCConfigurationList section */
	};
	rootObject = 90BE736D27F1624800AF987C /* Project object */;
}
